
Microsoft Visual Studio Solution File, Format Version 12.00
# Visual Studio 2012
Project("{FAE04EC0-301F-11D3-BF4B-00C04F79EFBC}") = "FacebookLogin", "FacebookLogin\FacebookLogin.csproj", "{34FAD4B2-7AB6-4D3F-B15C-B519E01AE8FD}"
EndProject
Global
	GlobalSection(SolutionConfigurationPlatforms) = preSolution
		Debug|iPhoneSimulator = Debug|iPhoneSimulator
		Release|iPhoneSimulator = Release|iPhoneSimulator
		Debug|iPhone = Debug|iPhone
		Release|iPhone = Release|iPhone
		Ad-Hoc|iPhone = Ad-Hoc|iPhone
		AppStore|iPhone = AppStore|iPhone
	EndGlobalSection
	GlobalSection(ProjectConfigurationPlatforms) = postSolution
		{34FAD4B2-7AB6-4D3F-B15C-B519E01AE8FD}.Ad-Hoc|iPhone.ActiveCfg = Ad-Hoc|iPhone
		{34FAD4B2-7AB6-4D3F-B15C-B519E01AE8FD}.Ad-Hoc|iPhone.Build.0 = Ad-Hoc|iPhone
		{34FAD4B2-7AB6-4D3F-B15C-B519E01AE8FD}.AppStore|iPhone.ActiveCfg = AppStore|iPhone
		{34FAD4B2-7AB6-4D3F-B15C-B519E01AE8FD}.AppStore|iPhone.Build.0 = AppStore|iPhone
		{34FAD4B2-7AB6-4D3F-B15C-B519E01AE8FD}.Debug|iPhone.ActiveCfg = Debug|iPhone
		{34FAD4B2-7AB6-4D3F-B15C-B519E01AE8FD}.Debug|iPhone.Build.0 = Debug|iPhone
		{34FAD4B2-7AB6-4D3F-B15C-B519E01AE8FD}.Debug|iPhoneSimulator.ActiveCfg = Debug|iPhoneSimulator
		{34FAD4B2-7AB6-4D3F-B15C-B519E01AE8FD}.Debug|iPhoneSimulator.Build.0 = Debug|iPhoneSimulator
		{34FAD4B2-7AB6-4D3F-B15C-B519E01AE8FD}.Release|iPhone.ActiveCfg = Release|iPhone
		{34FAD4B2-7AB6-4D3F-B15C-B519E01AE8FD}.Release|iPhone.Build.0 = Release|iPhone
		{34FAD4B2-7AB6-4D3F-B15C-B519E01AE8FD}.Release|iPhoneSimulator.ActiveCfg = Release|iPhoneSimulator
		{34FAD4B2-7AB6-4D3F-B15C-B519E01AE8FD}.Release|iPhoneSimulator.Build.0 = Release|iPhoneSimulator
	EndGlobalSection
	GlobalSection(MonoDevelopProperties) = preSolution
		StartupItem = FacebookLogin\FacebookLogin.csproj
	EndGlobalSection
EndGlobal
